
Microsoft Visual Studio Solution File, Format Version 12.00
# Visual Studio Version 17
VisualStudioVersion = 17.5.33516.290
MinimumVisualStudioVersion = 10.0.40219.1
Project("{FAE04EC0-301F-11D3-BF4B-00C04F79EFBC}") = "Blaze3DCreator", "Blaze3DCreator\Blaze3DCreator.csproj", "{A66490B6-459A-4C93-8426-EDC25DBFC8E3}"
EndProject
Project("{8BC9CEB8-8B4A-11D0-8D11-00A0C91BC942}") = "Engine", "Engine\Engine.vcxproj", "{5E66598E-E0DD-4757-897D-2CE3513C76A1}"
EndProject
Global
	GlobalSection(SolutionConfigurationPlatforms) = preSolution
		Debug|Any CPU = Debug|Any CPU
		Debug|x64 = Debug|x64
		Debug|x86 = Debug|x86
		Release|Any CPU = Release|Any CPU
		Release|x64 = Release|x64
		Release|x86 = Release|x86
	EndGlobalSection
	GlobalSection(ProjectConfigurationPlatforms) = postSolution
		{5E66598E-E0DD-4757-897D-2CE3513C76A1}.Debug|Any CPU.ActiveCfg = Debug|x64
		{5E66598E-E0DD-4757-897D-2CE3513C76A1}.Debug|Any CPU.Build.0 = Debug|x64
		{5E66598E-E0DD-4757-897D-2CE3513C76A1}.Debug|x64.ActiveCfg = Debug|x64
		{5E66598E-E0DD-4757-897D-2CE3513C76A1}.Debug|x64.Build.0 = Debug|x64
		{5E66598E-E0DD-4757-897D-2CE3513C76A1}.Debug|x86.ActiveCfg = Debug|x64
		{5E66598E-E0DD-4757-897D-2CE3513C76A1}.Release|Any CPU.ActiveCfg = Release|x64
		{5E66598E-E0DD-4757-897D-2CE3513C76A1}.Release|Any CPU.Build.0 = Release|x64
		{5E66598E-E0DD-4757-897D-2CE3513C76A1}.Release|x64.ActiveCfg = Release|x64
		{5E66598E-E0DD-4757-897D-2CE3513C76A1}.Release|x64.Build.0 = Release|x64
		{5E66598E-E0DD-4757-897D-2CE3513C76A1}.Release|x86.ActiveCfg = Release|x64
		{A66490B6-459A-4C93-8426-EDC25DBFC8E3}.Debug|Any CPU.ActiveCfg = Debug|x64
		{A66490B6-459A-4C93-8426-EDC25DBFC8E3}.Debug|x64.ActiveCfg = Debug|x64
		{A66490B6-459A-4C93-8426-EDC25DBFC8E3}.Debug|x64.Build.0 = Debug|x64
		{A66490B6-459A-4C93-8426-EDC25DBFC8E3}.Debug|x86.ActiveCfg = Debug|x64
		{A66490B6-459A-4C93-8426-EDC25DBFC8E3}.Release|Any CPU.ActiveCfg = Release|x64
		{A66490B6-459A-4C93-8426-EDC25DBFC8E3}.Release|x64.ActiveCfg = Release|x64
		{A66490B6-459A-4C93-8426-EDC25DBFC8E3}.Release|x86.ActiveCfg = Release|x64
	EndGlobalSection
	GlobalSection(SolutionProperties) = preSolution
		HideSolutionNode = FALSE
	EndGlobalSection
	GlobalSection(ExtensibilityGlobals) = postSolution
		SolutionGuid = {AE9B84D3-1729-4CCE-A7AF-C79AA6711F8D}
	EndGlobalSection
EndGlobal
